// !$*UTF8*$!
{
	archiveVersion = 1;
	classes = {
	};
	objectVersion = 77;
	objects = {

/* Begin PBXBuildFile section */
		0486DCFE37D701C1C1AECDB7 /* FinderMenuController.swift in Sources */ = {isa = PBXBuildFile; fileRef = 724D46D591D7723498E3E818 /* FinderMenuController.swift */; };
		09A14F6E4C9CD42C70C426F0 /* FinderMenuRequest.swift in Sources */ = {isa = PBXBuildFile; fileRef = E247A934694AD55E5EA30F34 /* FinderMenuRequest.swift */; };
		1BB7F9FBCB2AFE635C3204C9 /* FinderMenuConfig.swift in Sources */ = {isa = PBXBuildFile; fileRef = 744A8311E3367DA8CD33ABFE /* FinderMenuConfig.swift */; };
		1E10EB9A36E3BFC4782D71CB /* FinderMenuIPCClient.swift in Sources */ = {isa = PBXBuildFile; fileRef = 58B32C3DF038750EE8EF105F /* FinderMenuIPCClient.swift */; };
		2BC46C156421B32DC420DC95 /* FinderMenuPresets.swift in Sources */ = {isa = PBXBuildFile; fileRef = 43F6257CD44CC5832829D041 /* FinderMenuPresets.swift */; };
		3BD59E124216473F6AE7B30C /* FinderMenuConfig.swift in Sources */ = {isa = PBXBuildFile; fileRef = 744A8311E3367DA8CD33ABFE /* FinderMenuConfig.swift */; };
		3D3BB2812BDA41750D6D53C4 /* FinderMenuIPCClient.swift in Sources */ = {isa = PBXBuildFile; fileRef = 7E8CAD36B05096E438852D4C /* FinderMenuIPCClient.swift */; };
		463D6E77AE281414DFA3D29A /* FinderMenuShared.swift in Sources */ = {isa = PBXBuildFile; fileRef = D5CA0339A7753AE7823B7853 /* FinderMenuShared.swift */; };
		4F087802BBF0A4E27CC88D15 /* FinderMenuAction.swift in Sources */ = {isa = PBXBuildFile; fileRef = 263BB1149F5E3084FCDAA28F /* FinderMenuAction.swift */; };
		68D0974F836EFF98CDA2FAB3 /* FinderMenuShared.swift in Sources */ = {isa = PBXBuildFile; fileRef = 039B1F798EA5628A55642C0E /* FinderMenuShared.swift */; };
		6F7F5BC86AD9533A75C2EE13 /* FinderMenuAction.swift in Sources */ = {isa = PBXBuildFile; fileRef = 629BB24832C45E70B0A31F0E /* FinderMenuAction.swift */; };
		763753E8F19FA01907205667 /* FinderMenuExtension.appex in Embed Foundation Extensions */ = {isa = PBXBuildFile; fileRef = E8BE1BE00CCB791C97B1D03D /* FinderMenuExtension.appex */; settings = {ATTRIBUTES = (RemoveHeadersOnCopy, CodeSignOnCopy, ); }; };
		7888CB5D4E32C318D7A9171B /* FinderMenuController.swift in Sources */ = {isa = PBXBuildFile; fileRef = 812C61551406CDA1F4E86CA1 /* FinderMenuController.swift */; };
		8642EDACCBFF708F6E2E2163 /* FinderMenuPresets.swift in Sources */ = {isa = PBXBuildFile; fileRef = DF2CE180B826D6EC13EFAB91 /* FinderMenuPresets.swift */; };
		8CFD3AF21250D63FC2150141 /* FinderMenuCommand.swift in Sources */ = {isa = PBXBuildFile; fileRef = BDE57CF58F7EB5E581EECBE6 /* FinderMenuCommand.swift */; };
		9839D88CF7B0D11A04F2031E /* FinderMenuIPCClient.swift in Sources */ = {isa = PBXBuildFile; fileRef = 58B32C3DF038750EE8EF105F /* FinderMenuIPCClient.swift */; };
		A1E12EAEC16CA1A40857A32B /* FinderMenuCommand.swift in Sources */ = {isa = PBXBuildFile; fileRef = 708E7D6F3C88245D7E049305 /* FinderMenuCommand.swift */; };
		A605D2851705B3719D4327DA /* FinderMenuShared.swift in Sources */ = {isa = PBXBuildFile; fileRef = 039B1F798EA5628A55642C0E /* FinderMenuShared.swift */; };
		B02725F33FEBF864A028064A /* FinderMenuPresets.swift in Sources */ = {isa = PBXBuildFile; fileRef = 43F6257CD44CC5832829D041 /* FinderMenuPresets.swift */; };
		BF8536D98CAB8199B3C80BE3 /* FinderMenuAction.swift in Sources */ = {isa = PBXBuildFile; fileRef = 263BB1149F5E3084FCDAA28F /* FinderMenuAction.swift */; };
		F24E8CA7BD77C5A06B851C33 /* FinderMenuRequest.swift in Sources */ = {isa = PBXBuildFile; fileRef = E247A934694AD55E5EA30F34 /* FinderMenuRequest.swift */; };
		FD71052D19A898945F9D4557 /* FinderMenuCommand.swift in Sources */ = {isa = PBXBuildFile; fileRef = BDE57CF58F7EB5E581EECBE6 /* FinderMenuCommand.swift */; };
		FE5621022D1FCBCBE9889361 /* FinderMenuRequest.swift in Sources */ = {isa = PBXBuildFile; fileRef = C0DF32BDFC092895A8EC0A53 /* FinderMenuRequest.swift */; };
		3CD25D59874245EC89402CC3 /* LightStatsBatteryHelper in Embed Battery Helper */ = {isa = PBXBuildFile; fileRef = 47CC92E2625846ADBA2A7EC2 /* LightStatsBatteryHelper */; settings = {ATTRIBUTES = (RemoveHeadersOnCopy, CodeSignOnCopy, ); }; };
		0E19B635D6E84EE286F035F7 /* cain.com.light-stats.battery-helper.plist in Embed Battery Helper LaunchDaemon */ = {isa = PBXBuildFile; fileRef = E50922D362FA442D984FB9D8 /* cain.com.light-stats.battery-helper.plist */; };
/* End PBXBuildFile section */

/* Begin PBXContainerItemProxy section */
		9C2F8A1D4E6B47B09D5E3C18 /* PBXContainerItemProxy */ = {
			isa = PBXContainerItemProxy;
			containerPortal = A4163D412EFBC3DB0013ED8C /* Project object */;
			proxyType = 1;
			remoteGlobalIDString = BAF31963E4D940E39DF2A908;
			remoteInfo = LightStatsBatteryHelper;
		};
		D20107429E5ACFCA3B242278 /* PBXContainerItemProxy */ = {
			isa = PBXContainerItemProxy;
			containerPortal = A4163D412EFBC3DB0013ED8C /* Project object */;
			proxyType = 1;
			remoteGlobalIDString = AD1B0FF495F6021E26524778;
			remoteInfo = FinderMenuExtension;
		};
		EF6FEED7ED57B120986EF218 /* PBXContainerItemProxy */ = {
			isa = PBXContainerItemProxy;
			containerPortal = A4163D412EFBC3DB0013ED8C /* Project object */;
			proxyType = 1;
			remoteGlobalIDString = A4163D482EFBC3DB0013ED8C;
			remoteInfo = "Light Stats";
		};
/* End PBXContainerItemProxy section */

/* Begin PBXCopyFilesBuildPhase section */
		6EE48E23A84CB7EC8EACE2E4 /* Embed Foundation Extensions */ = {
			isa = PBXCopyFilesBuildPhase;
			buildActionMask = 2147483647;
			dstPath = "";
			dstSubfolderSpec = 13;
			files = (
				763753E8F19FA01907205667 /* FinderMenuExtension.appex in Embed Foundation Extensions */,
			);
			name = "Embed Foundation Extensions";
			runOnlyForDeploymentPostprocessing = 0;
		};
		22BF5FF086CF4F4896EBD2EA /* Embed Battery Helper */ = {
			isa = PBXCopyFilesBuildPhase;
			buildActionMask = 2147483647;
			dstPath = "";
			dstSubfolderSpec = 7;
			files = (
				3CD25D59874245EC89402CC3 /* LightStatsBatteryHelper in Embed Battery Helper */,
			);
			name = "Embed Battery Helper";
			runOnlyForDeploymentPostprocessing = 0;
		};
		A09E852120764CFC90778D3D /* Embed Battery Helper LaunchDaemon */ = {
			isa = PBXCopyFilesBuildPhase;
			buildActionMask = 2147483647;
			dstPath = "../Library/LaunchDaemons";
			dstSubfolderSpec = 7;
			files = (
				0E19B635D6E84EE286F035F7 /* cain.com.light-stats.battery-helper.plist in Embed Battery Helper LaunchDaemon */,
			);
			name = "Embed Battery Helper LaunchDaemon";
			runOnlyForDeploymentPostprocessing = 0;
		};
/* End PBXCopyFilesBuildPhase section */

/* Begin PBXFileReference section */
		039B1F798EA5628A55642C0E /* FinderMenuShared.swift */ = {isa = PBXFileReference; includeInIndex = 1; lastKnownFileType = sourcecode.swift; path = FinderMenuShared.swift; sourceTree = "<group>"; };
		263BB1149F5E3084FCDAA28F /* FinderMenuAction.swift */ = {isa = PBXFileReference; includeInIndex = 1; lastKnownFileType = sourcecode.swift; path = FinderMenuAction.swift; sourceTree = "<group>"; };
		43F6257CD44CC5832829D041 /* FinderMenuPresets.swift */ = {isa = PBXFileReference; includeInIndex = 1; lastKnownFileType = sourcecode.swift; path = FinderMenuPresets.swift; sourceTree = "<group>"; };
		58B32C3DF038750EE8EF105F /* FinderMenuIPCClient.swift */ = {isa = PBXFileReference; includeInIndex = 1; lastKnownFileType = sourcecode.swift; path = FinderMenuIPCClient.swift; sourceTree = "<group>"; };
		5C301770F4F27CA339E9D34D /* Info.plist */ = {isa = PBXFileReference; includeInIndex = 1; lastKnownFileType = text.plist.xml; path = Info.plist; sourceTree = "<group>"; };
		7063AD4296BA6D340790598F /* FinderMenuExtension.entitlements */ = {isa = PBXFileReference; includeInIndex = 1; lastKnownFileType = text.plist.entitlements; path = FinderMenuExtension.entitlements; sourceTree = "<group>"; };
		724D46D591D7723498E3E818 /* FinderMenuController.swift */ = {isa = PBXFileReference; includeInIndex = 1; lastKnownFileType = sourcecode.swift; path = FinderMenuController.swift; sourceTree = "<group>"; };
		744A8311E3367DA8CD33ABFE /* FinderMenuConfig.swift */ = {isa = PBXFileReference; includeInIndex = 1; lastKnownFileType = sourcecode.swift; path = FinderMenuConfig.swift; sourceTree = "<group>"; };
		7C473C581872387215E268E4 /* LightStatsTests.xctest */ = {isa = PBXFileReference; explicitFileType = wrapper.cfbundle; includeInIndex = 0; lastKnownFileType = wrapper.cfbundle; path = LightStatsTests.xctest; sourceTree = BUILT_PRODUCTS_DIR; };
		812C61551406CDA1F4E86CA1 /* FinderMenuController.swift */ = {isa = PBXFileReference; includeInIndex = 1; lastKnownFileType = sourcecode.swift; path = FinderMenuController.swift; sourceTree = "<group>"; };
		A4163D492EFBC3DB0013ED8C /* Light Stats.app */ = {isa = PBXFileReference; explicitFileType = wrapper.application; includeInIndex = 0; path = "Light Stats.app"; sourceTree = BUILT_PRODUCTS_DIR; };
		47CC92E2625846ADBA2A7EC2 /* LightStatsBatteryHelper */ = {isa = PBXFileReference; explicitFileType = "compiled.mach-o.executable"; includeInIndex = 0; path = LightStatsBatteryHelper; sourceTree = BUILT_PRODUCTS_DIR; };
		E50922D362FA442D984FB9D8 /* cain.com.light-stats.battery-helper.plist */ = {isa = PBXFileReference; includeInIndex = 1; lastKnownFileType = text.plist.xml; path = "BatteryControlHelper/cain.com.light-stats.battery-helper.plist"; sourceTree = "<group>"; };
		A475FD742F164E9000806CD9 /* Light Stats.xcodeproj */ = {isa = PBXFileReference; lastKnownFileType = "wrapper.pb-project"; path = "Light Stats.xcodeproj"; sourceTree = "<group>"; };
		A475FDC32F165B3900806CD9 /* Light Stats.xcodeproj */ = {isa = PBXFileReference; lastKnownFileType = "wrapper.pb-project"; path = "Light Stats.xcodeproj"; sourceTree = "<group>"; };
		A475FF0E2F175DC600806CD9 /* menu-stats.xcodeproj */ = {isa = PBXFileReference; lastKnownFileType = "wrapper.pb-project"; path = "menu-stats.xcodeproj"; sourceTree = "<group>"; };
		A4C320BF2F1615F600BA764B /* Light Stats.xcodeproj */ = {isa = PBXFileReference; lastKnownFileType = "wrapper.pb-project"; path = "Light Stats.xcodeproj"; sourceTree = "<group>"; };
		A4C321922F16296600BA764B /* Light Stats.xcodeproj */ = {isa = PBXFileReference; lastKnownFileType = "wrapper.pb-project"; path = "Light Stats.xcodeproj"; sourceTree = "<group>"; };
		A4C321D92F16306D00BA764B /* Light Stats.xcodeproj */ = {isa = PBXFileReference; lastKnownFileType = "wrapper.pb-project"; path = "Light Stats.xcodeproj"; sourceTree = "<group>"; };
		BDE57CF58F7EB5E581EECBE6 /* FinderMenuCommand.swift */ = {isa = PBXFileReference; includeInIndex = 1; lastKnownFileType = sourcecode.swift; path = FinderMenuCommand.swift; sourceTree = "<group>"; };
		E247A934694AD55E5EA30F34 /* FinderMenuRequest.swift */ = {isa = PBXFileReference; includeInIndex = 1; lastKnownFileType = sourcecode.swift; path = FinderMenuRequest.swift; sourceTree = "<group>"; };
		E8BE1BE00CCB791C97B1D03D /* FinderMenuExtension.appex */ = {isa = PBXFileReference; explicitFileType = "wrapper.app-extension"; includeInIndex = 0; lastKnownFileType = "wrapper.app-extension"; path = FinderMenuExtension.appex; sourceTree = BUILT_PRODUCTS_DIR; };
/* End PBXFileReference section */

/* Begin PBXFileSystemSynchronizedBuildFileExceptionSet section */
		A4EDBBEC2EFC09FB0081D4E1 /* Exceptions for "Light Stats" folder in "Light Stats" target */ = {
			isa = PBXFileSystemSynchronizedBuildFileExceptionSet;
			membershipExceptions = (
				Info.plist,
			);
			target = A4163D482EFBC3DB0013ED8C /* Light Stats */;
		};
		B7E41C9A2F5846D08A13C5E2 /* Exceptions for "BatteryControlHelper" folder in "LightStatsBatteryHelper" target */ = {
			isa = PBXFileSystemSynchronizedBuildFileExceptionSet;
			membershipExceptions = (
				BatteryControlHelper.entitlements,
				Info.plist,
				cain.com.light-stats.battery-helper.plist,
			);
			target = BAF31963E4D940E39DF2A908 /* LightStatsBatteryHelper */;
		};
/* End PBXFileSystemSynchronizedBuildFileExceptionSet section */

/* Begin PBXFileSystemSynchronizedRootGroup section */
		52AE2D5FF4FF9BC00274F6D1 /* LightStatsTests */ = {
			isa = PBXFileSystemSynchronizedRootGroup;
			exceptions = (
			);
			path = LightStatsTests;
			sourceTree = "<group>";
		};
		A4163D4B2EFBC3DB0013ED8C /* Light Stats */ = {
			isa = PBXFileSystemSynchronizedRootGroup;
			exceptions = (
				A4EDBBEC2EFC09FB0081D4E1 /* Exceptions for "Light Stats" folder in "Light Stats" target */,
			);
			path = "Light Stats";
			sourceTree = "<group>";
		};
		EB6E7E0D7C2B4B92A771C347 /* BatteryControlShared */ = {
			isa = PBXFileSystemSynchronizedRootGroup;
			exceptions = (
			);
			path = BatteryControlShared;
			sourceTree = "<group>";
		};
		F481688B5C6E451A91870DA3 /* BatteryControlHelper */ = {
			isa = PBXFileSystemSynchronizedRootGroup;
			exceptions = (
				B7E41C9A2F5846D08A13C5E2 /* Exceptions for "BatteryControlHelper" folder in "LightStatsBatteryHelper" target */,
			);
			path = BatteryControlHelper;
			sourceTree = "<group>";
		};
/* End PBXFileSystemSynchronizedRootGroup section */

/* Begin PBXFrameworksBuildPhase section */
		2355D6DD73130BE018864AE6 /* Frameworks */ = {
			isa = PBXFrameworksBuildPhase;
			buildActionMask = 2147483647;
			files = (
			);
			runOnlyForDeploymentPostprocessing = 0;
		};
		54AC454D271244E9AD24C20A /* Frameworks */ = {
			isa = PBXFrameworksBuildPhase;
			buildActionMask = 2147483647;
			files = (
			);
			runOnlyForDeploymentPostprocessing = 0;
		};
		A4163D462EFBC3DB0013ED8C /* Frameworks */ = {
			isa = PBXFrameworksBuildPhase;
			buildActionMask = 2147483647;
			files = (
			);
			runOnlyForDeploymentPostprocessing = 0;
		};
		AC67B7373F0E286201CEC253 /* Frameworks */ = {
			isa = PBXFrameworksBuildPhase;
			buildActionMask = 2147483647;
			files = (
			);
			runOnlyForDeploymentPostprocessing = 0;
		};
/* End PBXFrameworksBuildPhase section */

/* Begin PBXGroup section */
		94E04D6296B456C56E1327C4 /* FinderMenuExtension */ = {
			isa = PBXGroup;
			children = (
				812C61551406CDA1F4E86CA1 /* FinderMenuController.swift */,
				5C301770F4F27CA339E9D34D /* Info.plist */,
				7063AD4296BA6D340790598F /* FinderMenuExtension.entitlements */,
			);
			name = FinderMenuExtension;
			path = FinderMenuExtension;
			sourceTree = "<group>";
		};
		A4163D402EFBC3DB0013ED8C = {
			isa = PBXGroup;
			children = (
				A4163D4B2EFBC3DB0013ED8C /* Light Stats */,
				EB6E7E0D7C2B4B92A771C347 /* BatteryControlShared */,
				F481688B5C6E451A91870DA3 /* BatteryControlHelper */,
				E50922D362FA442D984FB9D8 /* cain.com.light-stats.battery-helper.plist */,
				A4163D4A2EFBC3DB0013ED8C /* Products */,
				52AE2D5FF4FF9BC00274F6D1 /* LightStatsTests */,
				C019218879934C3EA19D7C71 /* FinderMenu */,
				94E04D6296B456C56E1327C4 /* FinderMenuExtension */,
			);
			sourceTree = "<group>";
		};
		A4163D4A2EFBC3DB0013ED8C /* Products */ = {
			isa = PBXGroup;
			children = (
				A4163D492EFBC3DB0013ED8C /* Light Stats.app */,
				47CC92E2625846ADBA2A7EC2 /* LightStatsBatteryHelper */,
				7C473C581872387215E268E4 /* LightStatsTests.xctest */,
				E8BE1BE00CCB791C97B1D03D /* FinderMenuExtension.appex */,
			);
			name = Products;
			sourceTree = "<group>";
		};
		A475FD762F164E9000806CD9 /* Products */ = {
			isa = PBXGroup;
			children = (
			);
			name = Products;
			sourceTree = "<group>";
		};
		A475FDC52F165B3900806CD9 /* Products */ = {
			isa = PBXGroup;
			children = (
			);
			name = Products;
			sourceTree = "<group>";
		};
		A475FF102F175DC600806CD9 /* Products */ = {
			isa = PBXGroup;
			children = (
			);
			name = Products;
			sourceTree = "<group>";
		};
		A4C320C12F1615F600BA764B /* Products */ = {
			isa = PBXGroup;
			children = (
			);
			name = Products;
			sourceTree = "<group>";
		};
		A4C321942F16296600BA764B /* Products */ = {
			isa = PBXGroup;
			children = (
			);
			name = Products;
			sourceTree = "<group>";
		};
		A4C321DB2F16306D00BA764B /* Products */ = {
			isa = PBXGroup;
			children = (
			);
			name = Products;
			sourceTree = "<group>";
		};
		C019218879934C3EA19D7C71 /* FinderMenu */ = {
			isa = PBXGroup;
			children = (
				039B1F798EA5628A55642C0E /* FinderMenuShared.swift */,
				263BB1149F5E3084FCDAA28F /* FinderMenuAction.swift */,
				BDE57CF58F7EB5E581EECBE6 /* FinderMenuCommand.swift */,
				744A8311E3367DA8CD33ABFE /* FinderMenuConfig.swift */,
				E247A934694AD55E5EA30F34 /* FinderMenuRequest.swift */,
				43F6257CD44CC5832829D041 /* FinderMenuPresets.swift */,
				58B32C3DF038750EE8EF105F /* FinderMenuIPCClient.swift */,
			);
			name = FinderMenu;
			path = FinderMenu;
			sourceTree = "<group>";
		};
/* End PBXGroup section */

/* Begin PBXNativeTarget section */
		2DBF011A75D43B2B5DCC0246 /* LightStatsTests */ = {
			isa = PBXNativeTarget;
			buildConfigurationList = E980368FEF4F8D93349110B7 /* Build configuration list for PBXNativeTarget "LightStatsTests" */;
			buildPhases = (
				88C3A800182FBF4D17784CC2 /* Sources */,
				2355D6DD73130BE018864AE6 /* Frameworks */,
				A86BC955A1B9895FA4D0B8E1 /* Resources */,
			);
			buildRules = (
			);
			dependencies = (
				2EE38886E357FC53245DFCF1 /* PBXTargetDependency */,
			);
			fileSystemSynchronizedGroups = (
				52AE2D5FF4FF9BC00274F6D1 /* LightStatsTests */,
			);
			name = LightStatsTests;
			productName = LightStatsTests;
			productReference = 7C473C581872387215E268E4 /* LightStatsTests.xctest */;
			productType = "com.apple.product-type.bundle.unit-test";
		};
		A4163D482EFBC3DB0013ED8C /* Light Stats */ = {
			isa = PBXNativeTarget;
			buildConfigurationList = A4163D562EFBC3DC0013ED8C /* Build configuration list for PBXNativeTarget "Light Stats" */;
			buildPhases = (
				A4163D452EFBC3DB0013ED8C /* Sources */,
				A4163D462EFBC3DB0013ED8C /* Frameworks */,
				A4163D472EFBC3DB0013ED8C /* Resources */,
				6EE48E23A84CB7EC8EACE2E4 /* Embed Foundation Extensions */,
				22BF5FF086CF4F4896EBD2EA /* Embed Battery Helper */,
				A09E852120764CFC90778D3D /* Embed Battery Helper LaunchDaemon */,
			);
			buildRules = (
			);
			dependencies = (
				70A4396006F7ED4528FE16AF /* PBXTargetDependency */,
				75AF49613701490AB1638BBD /* PBXTargetDependency */,
			);
			fileSystemSynchronizedGroups = (
				A4163D4B2EFBC3DB0013ED8C /* Light Stats */,
				EB6E7E0D7C2B4B92A771C347 /* BatteryControlShared */,
			);
			name = "Light Stats";
			productName = "Light Stats";
			productReference = A4163D492EFBC3DB0013ED8C /* Light Stats.app */;
			productType = "com.apple.product-type.application";
		};
		AD1B0FF495F6021E26524778 /* FinderMenuExtension */ = {
			isa = PBXNativeTarget;
			buildConfigurationList = 27D40924EAEBE9AC8CB8E011 /* Build configuration list for PBXNativeTarget "FinderMenuExtension" */;
			buildPhases = (
				0E76D441C14D484459D226DF /* Sources */,
				AC67B7373F0E286201CEC253 /* Frameworks */,
				AD8BEC7FE1657D16381EC4B2 /* Resources */,
			);
			buildRules = (
			);
			dependencies = (
			);
			name = FinderMenuExtension;
			productName = FinderMenuExtension;
			productReference = E8BE1BE00CCB791C97B1D03D /* FinderMenuExtension.appex */;
			productType = "com.apple.product-type.app-extension";
		};
		BAF31963E4D940E39DF2A908 /* LightStatsBatteryHelper */ = {
			isa = PBXNativeTarget;
			buildConfigurationList = B9E2EAB100164636AFD4B3B0 /* Build configuration list for PBXNativeTarget "LightStatsBatteryHelper" */;
			buildPhases = (
				AE5A2F23668E4BF0A8C3647B /* Sources */,
				54AC454D271244E9AD24C20A /* Frameworks */,
				FA4B3D1D22BD41EEBBA122C3 /* Resources */,
			);
			buildRules = (
			);
			dependencies = (
			);
			fileSystemSynchronizedGroups = (
				EB6E7E0D7C2B4B92A771C347 /* BatteryControlShared */,
				F481688B5C6E451A91870DA3 /* BatteryControlHelper */,
			);
			name = LightStatsBatteryHelper;
			productName = LightStatsBatteryHelper;
			productReference = 47CC92E2625846ADBA2A7EC2 /* LightStatsBatteryHelper */;
			productType = "com.apple.product-type.tool";
		};
/* End PBXNativeTarget section */

/* Begin PBXProject section */
		A4163D412EFBC3DB0013ED8C /* Project object */ = {
			isa = PBXProject;
			attributes = {
				BuildIndependentTargetsInParallel = 1;
				LastSwiftUpdateCheck = 2620;
				LastUpgradeCheck = 2620;
				TargetAttributes = {
					A4163D482EFBC3DB0013ED8C = {
						CreatedOnToolsVersion = 26.2;
					};
					BAF31963E4D940E39DF2A908 = {
						CreatedOnToolsVersion = 26.2;
					};
				};
			};
			buildConfigurationList = A4163D442EFBC3DB0013ED8C /* Build configuration list for PBXProject "Light Stats" */;
			developmentRegion = en;
			hasScannedForEncodings = 0;
			knownRegions = (
				en,
				Base,
				"zh-Hans",
				ja,
				ko,
			);
			mainGroup = A4163D402EFBC3DB0013ED8C;
			minimizedProjectReferenceProxies = 1;
			preferredProjectObjectVersion = 77;
			productRefGroup = A4163D4A2EFBC3DB0013ED8C /* Products */;
			projectDirPath = "";
			projectReferences = (
				{
					ProductGroup = A4C320C12F1615F600BA764B /* Products */;
					ProjectRef = A4C320BF2F1615F600BA764B /* Light Stats.xcodeproj */;
				},
				{
					ProductGroup = A475FD762F164E9000806CD9 /* Products */;
					ProjectRef = A475FD742F164E9000806CD9 /* Light Stats.xcodeproj */;
				},
				{
					ProductGroup = A4C321942F16296600BA764B /* Products */;
					ProjectRef = A4C321922F16296600BA764B /* Light Stats.xcodeproj */;
				},
				{
					ProductGroup = A475FDC52F165B3900806CD9 /* Products */;
					ProjectRef = A475FDC32F165B3900806CD9 /* Light Stats.xcodeproj */;
				},
				{
					ProductGroup = A4C321DB2F16306D00BA764B /* Products */;
					ProjectRef = A4C321D92F16306D00BA764B /* Light Stats.xcodeproj */;
				},
				{
					ProductGroup = A475FF102F175DC600806CD9 /* Products */;
					ProjectRef = A475FF0E2F175DC600806CD9 /* menu-stats.xcodeproj */;
				},
			);
			projectRoot = "";
			targets = (
				A4163D482EFBC3DB0013ED8C /* Light Stats */,
				2DBF011A75D43B2B5DCC0246 /* LightStatsTests */,
				AD1B0FF495F6021E26524778 /* FinderMenuExtension */,
				BAF31963E4D940E39DF2A908 /* LightStatsBatteryHelper */,
			);
		};
/* End PBXProject section */

/* Begin PBXResourcesBuildPhase section */
		A4163D472EFBC3DB0013ED8C /* Resources */ = {
			isa = PBXResourcesBuildPhase;
			buildActionMask = 2147483647;
			files = (
			);
			runOnlyForDeploymentPostprocessing = 0;
		};
		A86BC955A1B9895FA4D0B8E1 /* Resources */ = {
			isa = PBXResourcesBuildPhase;
			buildActionMask = 2147483647;
			files = (
			);
			runOnlyForDeploymentPostprocessing = 0;
		};
		AD8BEC7FE1657D16381EC4B2 /* Resources */ = {
			isa = PBXResourcesBuildPhase;
			buildActionMask = 2147483647;
			files = (
			);
			runOnlyForDeploymentPostprocessing = 0;
		};
		FA4B3D1D22BD41EEBBA122C3 /* Resources */ = {
			isa = PBXResourcesBuildPhase;
			buildActionMask = 2147483647;
			files = (
			);
			runOnlyForDeploymentPostprocessing = 0;
		};
/* End PBXResourcesBuildPhase section */

/* Begin PBXSourcesBuildPhase section */
		0E76D441C14D484459D226DF /* Sources */ = {
			isa = PBXSourcesBuildPhase;
			buildActionMask = 2147483647;
			files = (
				68D0974F836EFF98CDA2FAB3 /* FinderMenuShared.swift in Sources */,
				4F087802BBF0A4E27CC88D15 /* FinderMenuAction.swift in Sources */,
				FD71052D19A898945F9D4557 /* FinderMenuCommand.swift in Sources */,
				3BD59E124216473F6AE7B30C /* FinderMenuConfig.swift in Sources */,
				F24E8CA7BD77C5A06B851C33 /* FinderMenuRequest.swift in Sources */,
				B02725F33FEBF864A028064A /* FinderMenuPresets.swift in Sources */,
				9839D88CF7B0D11A04F2031E /* FinderMenuIPCClient.swift in Sources */,
				7888CB5D4E32C318D7A9171B /* FinderMenuController.swift in Sources */,
			);
			runOnlyForDeploymentPostprocessing = 0;
		};
		88C3A800182FBF4D17784CC2 /* Sources */ = {
			isa = PBXSourcesBuildPhase;
			buildActionMask = 2147483647;
			files = (
			);
			runOnlyForDeploymentPostprocessing = 0;
		};
		A4163D452EFBC3DB0013ED8C /* Sources */ = {
			isa = PBXSourcesBuildPhase;
			buildActionMask = 2147483647;
			files = (
				A605D2851705B3719D4327DA /* FinderMenuShared.swift in Sources */,
				BF8536D98CAB8199B3C80BE3 /* FinderMenuAction.swift in Sources */,
				8CFD3AF21250D63FC2150141 /* FinderMenuCommand.swift in Sources */,
				1BB7F9FBCB2AFE635C3204C9 /* FinderMenuConfig.swift in Sources */,
				09A14F6E4C9CD42C70C426F0 /* FinderMenuRequest.swift in Sources */,
				2BC46C156421B32DC420DC95 /* FinderMenuPresets.swift in Sources */,
				1E10EB9A36E3BFC4782D71CB /* FinderMenuIPCClient.swift in Sources */,
			);
			runOnlyForDeploymentPostprocessing = 0;
		};
		AE5A2F23668E4BF0A8C3647B /* Sources */ = {
			isa = PBXSourcesBuildPhase;
			buildActionMask = 2147483647;
			files = (
			);
			runOnlyForDeploymentPostprocessing = 0;
		};
/* End PBXSourcesBuildPhase section */

/* Begin PBXTargetDependency section */
		2EE38886E357FC53245DFCF1 /* PBXTargetDependency */ = {
			isa = PBXTargetDependency;
			name = "Light Stats";
			target = A4163D482EFBC3DB0013ED8C /* Light Stats */;
			targetProxy = EF6FEED7ED57B120986EF218 /* PBXContainerItemProxy */;
		};
		70A4396006F7ED4528FE16AF /* PBXTargetDependency */ = {
			isa = PBXTargetDependency;
			name = FinderMenuExtension;
			target = AD1B0FF495F6021E26524778 /* FinderMenuExtension */;
			targetProxy = D20107429E5ACFCA3B242278 /* PBXContainerItemProxy */;
		};
		75AF49613701490AB1638BBD /* PBXTargetDependency */ = {
			isa = PBXTargetDependency;
			name = LightStatsBatteryHelper;
			target = BAF31963E4D940E39DF2A908 /* LightStatsBatteryHelper */;
			targetProxy = 9C2F8A1D4E6B47B09D5E3C18 /* PBXContainerItemProxy */;
		};
/* End PBXTargetDependency section */

/* Begin XCBuildConfiguration section */
		27B86FB89AFD7271A602A7AD /* Release */ = {
			isa = XCBuildConfiguration;
			buildSettings = {
				BUNDLE_LOADER = "$(TEST_HOST)";
				CODE_SIGN_STYLE = Automatic;
				DEVELOPMENT_TEAM = QZZ878S3NS;
				GENERATE_INFOPLIST_FILE = YES;
				LD_RUNPATH_SEARCH_PATHS = (
					"$(inherited)",
					"@executable_path/../Frameworks",
					"@loader_path/../Frameworks",
				);
				MACOSX_DEPLOYMENT_TARGET = 14.6;
				PRODUCT_BUNDLE_IDENTIFIER = "cain.com.light-stats.tests";
				PRODUCT_NAME = "$(TARGET_NAME)";
				SDKROOT = macosx;
				STRING_CATALOG_GENERATE_SYMBOLS = NO;
				SUPPORTED_PLATFORMS = macosx;
				SUPPORTS_MACCATALYST = NO;
				SWIFT_APPROACHABLE_CONCURRENCY = YES;
				SWIFT_DEFAULT_ACTOR_ISOLATION = MainActor;
				SWIFT_EMIT_LOC_STRINGS = NO;
				SWIFT_VERSION = 5.0;
				TEST_HOST = "$(BUILT_PRODUCTS_DIR)/Light Stats.app/Contents/MacOS/Light Stats";
			};
			name = Release;
		};
		27C0BFF43610AFB60B4565C6 /* Release */ = {
			isa = XCBuildConfiguration;
			buildSettings = {
				CODE_SIGN_ENTITLEMENTS = FinderMenuExtension/FinderMenuExtension.entitlements;
				CODE_SIGN_INJECT_BASE_ENTITLEMENTS = YES;
				CODE_SIGN_STYLE = Automatic;
				CURRENT_PROJECT_VERSION = 2;
				DEVELOPMENT_TEAM = QZZ878S3NS;
				GENERATE_INFOPLIST_FILE = NO;
				INFOPLIST_FILE = FinderMenuExtension/Info.plist;
				LD_RUNPATH_SEARCH_PATHS = (
					"$(inherited)",
					"@executable_path/../../../../Frameworks",
				);
				MACOSX_DEPLOYMENT_TARGET = 14.6;
				MARKETING_VERSION = 1.0.2;
				PRODUCT_BUNDLE_IDENTIFIER = "cain.com.light-stats.FinderMenuExtension";
				PRODUCT_NAME = "$(TARGET_NAME)";
				SDKROOT = macosx;
				SKIP_INSTALL = YES;
				STRING_CATALOG_GENERATE_SYMBOLS = NO;
				SUPPORTED_PLATFORMS = macosx;
				SUPPORTS_MACCATALYST = NO;
				SWIFT_EMIT_LOC_STRINGS = NO;
				SWIFT_VERSION = 5.0;
			};
			name = Release;
		};
		48499D521F5C0518AC36073E /* Debug */ = {
			isa = XCBuildConfiguration;
			buildSettings = {
				BUNDLE_LOADER = "$(TEST_HOST)";
				CODE_SIGN_STYLE = Automatic;
				DEVELOPMENT_TEAM = QZZ878S3NS;
				GENERATE_INFOPLIST_FILE = YES;
				LD_RUNPATH_SEARCH_PATHS = (
					"$(inherited)",
					"@executable_path/../Frameworks",
					"@loader_path/../Frameworks",
				);
				MACOSX_DEPLOYMENT_TARGET = 14.6;
				PRODUCT_BUNDLE_IDENTIFIER = "cain.com.light-stats.tests";
				PRODUCT_NAME = "$(TARGET_NAME)";
				SDKROOT = macosx;
				STRING_CATALOG_GENERATE_SYMBOLS = NO;
				SUPPORTED_PLATFORMS = macosx;
				SUPPORTS_MACCATALYST = NO;
				SWIFT_APPROACHABLE_CONCURRENCY = YES;
				SWIFT_DEFAULT_ACTOR_ISOLATION = MainActor;
				SWIFT_EMIT_LOC_STRINGS = NO;
				SWIFT_OPTIMIZATION_LEVEL = "-Onone";
				SWIFT_VERSION = 5.0;
				TEST_HOST = "$(BUILT_PRODUCTS_DIR)/Light Stats.app/Contents/MacOS/Light Stats";
			};
			name = Debug;
		};
		48FB5A129531D001F3D4B192 /* Debug */ = {
			isa = XCBuildConfiguration;
			buildSettings = {
				CODE_SIGN_ENTITLEMENTS = FinderMenuExtension/FinderMenuExtension.entitlements;
				CODE_SIGN_INJECT_BASE_ENTITLEMENTS = YES;
				CODE_SIGN_STYLE = Automatic;
				CURRENT_PROJECT_VERSION = 2;
				DEVELOPMENT_TEAM = QZZ878S3NS;
				GENERATE_INFOPLIST_FILE = NO;
				INFOPLIST_FILE = FinderMenuExtension/Info.plist;
				LD_RUNPATH_SEARCH_PATHS = (
					"$(inherited)",
					"@executable_path/../../../../Frameworks",
				);
				MACOSX_DEPLOYMENT_TARGET = 14.6;
				MARKETING_VERSION = 1.0.2;
				PRODUCT_BUNDLE_IDENTIFIER = "cain.com.light-stats.FinderMenuExtension";
				PRODUCT_NAME = "$(TARGET_NAME)";
				SDKROOT = macosx;
				SKIP_INSTALL = YES;
				STRING_CATALOG_GENERATE_SYMBOLS = NO;
				SUPPORTED_PLATFORMS = macosx;
				SUPPORTS_MACCATALYST = NO;
				SWIFT_EMIT_LOC_STRINGS = NO;
				SWIFT_OPTIMIZATION_LEVEL = "-Onone";
				SWIFT_VERSION = 5.0;
			};
			name = Debug;
		};
		9E505B20CFCC495C21ED80DA /* Release */ = {
			isa = XCBuildConfiguration;
			buildSettings = {
				CODE_SIGN_ENTITLEMENTS = FinderMenuExtension/FinderMenuExtension.entitlements;
				CODE_SIGN_INJECT_BASE_ENTITLEMENTS = YES;
				CODE_SIGN_STYLE = Automatic;
				CURRENT_PROJECT_VERSION = 2;
				DEVELOPMENT_TEAM = QZZ878S3NS;
				GENERATE_INFOPLIST_FILE = NO;
				INFOPLIST_FILE = FinderMenuExtension/Info.plist;
				LD_RUNPATH_SEARCH_PATHS = (
					"$(inherited)",
					"@executable_path/../../../../Frameworks",
				);
				MACOSX_DEPLOYMENT_TARGET = 14.6;
				MARKETING_VERSION = 1.0.2;
				PRODUCT_BUNDLE_IDENTIFIER = "cain.com.light-stats.FinderMenuExtension";
				PRODUCT_NAME = "$(TARGET_NAME)";
				SDKROOT = macosx;
				SKIP_INSTALL = YES;
				STRING_CATALOG_GENERATE_SYMBOLS = NO;
				SUPPORTED_PLATFORMS = macosx;
				SUPPORTS_MACCATALYST = NO;
				SWIFT_EMIT_LOC_STRINGS = NO;
				SWIFT_VERSION = 5.0;
			};
			name = Release;
		};
		A4163D542EFBC3DC0013ED8C /* Debug */ = {
			isa = XCBuildConfiguration;
			buildSettings = {
				ALWAYS_SEARCH_USER_PATHS = NO;
				ASSETCATALOG_COMPILER_GENERATE_SWIFT_ASSET_SYMBOL_EXTENSIONS = YES;
				CLANG_ANALYZER_NONNULL = YES;
				CLANG_ANALYZER_NUMBER_OBJECT_CONVERSION = YES_AGGRESSIVE;
				CLANG_CXX_LANGUAGE_STANDARD = "gnu++20";
				CLANG_ENABLE_MODULES = YES;
				CLANG_ENABLE_OBJC_ARC = YES;
				CLANG_ENABLE_OBJC_WEAK = YES;
				CLANG_WARN_BLOCK_CAPTURE_AUTORELEASING = YES;
				CLANG_WARN_BOOL_CONVERSION = YES;
				CLANG_WARN_COMMA = YES;
				CLANG_WARN_CONSTANT_CONVERSION = YES;
				CLANG_WARN_DEPRECATED_OBJC_IMPLEMENTATIONS = YES;
				CLANG_WARN_DIRECT_OBJC_ISA_USAGE = YES_ERROR;
				CLANG_WARN_DOCUMENTATION_COMMENTS = YES;
				CLANG_WARN_EMPTY_BODY = YES;
				CLANG_WARN_ENUM_CONVERSION = YES;
				CLANG_WARN_INFINITE_RECURSION = YES;
				CLANG_WARN_INT_CONVERSION = YES;
				CLANG_WARN_NON_LITERAL_NULL_CONVERSION = YES;
				CLANG_WARN_OBJC_IMPLICIT_RETAIN_SELF = YES;
				CLANG_WARN_OBJC_LITERAL_CONVERSION = YES;
				CLANG_WARN_OBJC_ROOT_CLASS = YES_ERROR;
				CLANG_WARN_QUOTED_INCLUDE_IN_FRAMEWORK_HEADER = YES;
				CLANG_WARN_RANGE_LOOP_ANALYSIS = YES;
				CLANG_WARN_STRICT_PROTOTYPES = YES;
				CLANG_WARN_SUSPICIOUS_MOVE = YES;
				CLANG_WARN_UNGUARDED_AVAILABILITY = YES_AGGRESSIVE;
				CLANG_WARN_UNREACHABLE_CODE = YES;
				CLANG_WARN__DUPLICATE_METHOD_MATCH = YES;
				COPY_PHASE_STRIP = NO;
				DEBUG_INFORMATION_FORMAT = dwarf;
				DEVELOPMENT_TEAM = QZZ878S3NS;
				ENABLE_STRICT_OBJC_MSGSEND = YES;
				ENABLE_TESTABILITY = YES;
				ENABLE_USER_SCRIPT_SANDBOXING = YES;
				GCC_C_LANGUAGE_STANDARD = gnu17;
				GCC_DYNAMIC_NO_PIC = NO;
				GCC_NO_COMMON_BLOCKS = YES;
				GCC_OPTIMIZATION_LEVEL = 0;
				GCC_PREPROCESSOR_DEFINITIONS = (
					"DEBUG=1",
					"$(inherited)",
				);
				GCC_WARN_64_TO_32_BIT_CONVERSION = YES;
				GCC_WARN_ABOUT_RETURN_TYPE = YES_ERROR;
				GCC_WARN_UNDECLARED_SELECTOR = YES;
				GCC_WARN_UNINITIALIZED_AUTOS = YES_AGGRESSIVE;
				GCC_WARN_UNUSED_FUNCTION = YES;
				GCC_WARN_UNUSED_VARIABLE = YES;
				LOCALIZATION_PREFERS_STRING_CATALOGS = YES;
				MTL_ENABLE_DEBUG_INFO = INCLUDE_SOURCE;
				MTL_FAST_MATH = YES;
				ONLY_ACTIVE_ARCH = YES;
				SWIFT_ACTIVE_COMPILATION_CONDITIONS = "DEBUG $(inherited)";
				SWIFT_OPTIMIZATION_LEVEL = "-Onone";
			};
			name = Debug;
		};
		A4163D552EFBC3DC0013ED8C /* Release */ = {
			isa = XCBuildConfiguration;
			buildSettings = {
				ALWAYS_SEARCH_USER_PATHS = NO;
				ASSETCATALOG_COMPILER_GENERATE_SWIFT_ASSET_SYMBOL_EXTENSIONS = YES;
				CLANG_ANALYZER_NONNULL = YES;
				CLANG_ANALYZER_NUMBER_OBJECT_CONVERSION = YES_AGGRESSIVE;
				CLANG_CXX_LANGUAGE_STANDARD = "gnu++20";
				CLANG_ENABLE_MODULES = YES;
				CLANG_ENABLE_OBJC_ARC = YES;
				CLANG_ENABLE_OBJC_WEAK = YES;
				CLANG_WARN_BLOCK_CAPTURE_AUTORELEASING = YES;
				CLANG_WARN_BOOL_CONVERSION = YES;
				CLANG_WARN_COMMA = YES;
				CLANG_WARN_CONSTANT_CONVERSION = YES;
				CLANG_WARN_DEPRECATED_OBJC_IMPLEMENTATIONS = YES;
				CLANG_WARN_DIRECT_OBJC_ISA_USAGE = YES_ERROR;
				CLANG_WARN_DOCUMENTATION_COMMENTS = YES;
				CLANG_WARN_EMPTY_BODY = YES;
				CLANG_WARN_ENUM_CONVERSION = YES;
				CLANG_WARN_INFINITE_RECURSION = YES;
				CLANG_WARN_INT_CONVERSION = YES;
				CLANG_WARN_NON_LITERAL_NULL_CONVERSION = YES;
				CLANG_WARN_OBJC_IMPLICIT_RETAIN_SELF = YES;
				CLANG_WARN_OBJC_LITERAL_CONVERSION = YES;
				CLANG_WARN_OBJC_ROOT_CLASS = YES_ERROR;
				CLANG_WARN_QUOTED_INCLUDE_IN_FRAMEWORK_HEADER = YES;
				CLANG_WARN_RANGE_LOOP_ANALYSIS = YES;
				CLANG_WARN_STRICT_PROTOTYPES = YES;
				CLANG_WARN_SUSPICIOUS_MOVE = YES;
				CLANG_WARN_UNGUARDED_AVAILABILITY = YES_AGGRESSIVE;
				CLANG_WARN_UNREACHABLE_CODE = YES;
				CLANG_WARN__DUPLICATE_METHOD_MATCH = YES;
				COPY_PHASE_STRIP = NO;
				DEBUG_INFORMATION_FORMAT = "dwarf-with-dsym";
				DEVELOPMENT_TEAM = QZZ878S3NS;
				ENABLE_NS_ASSERTIONS = NO;
				ENABLE_STRICT_OBJC_MSGSEND = YES;
				ENABLE_USER_SCRIPT_SANDBOXING = YES;
				GCC_C_LANGUAGE_STANDARD = gnu17;
				GCC_NO_COMMON_BLOCKS = YES;
				GCC_WARN_64_TO_32_BIT_CONVERSION = YES;
				GCC_WARN_ABOUT_RETURN_TYPE = YES_ERROR;
				GCC_WARN_UNDECLARED_SELECTOR = YES;
				GCC_WARN_UNINITIALIZED_AUTOS = YES_AGGRESSIVE;
				GCC_WARN_UNUSED_FUNCTION = YES;
				GCC_WARN_UNUSED_VARIABLE = YES;
				LOCALIZATION_PREFERS_STRING_CATALOGS = YES;
				MTL_ENABLE_DEBUG_INFO = NO;
				MTL_FAST_MATH = YES;
				SWIFT_COMPILATION_MODE = wholemodule;
			};
			name = Release;
		};
		A4163D572EFBC3DC0013ED8C /* Debug */ = {
			isa = XCBuildConfiguration;
			buildSettings = {
				FRAMEWORK_SEARCH_PATHS = (
					"$(inherited)",
					/System/Library/PrivateFrameworks,
				);
				OTHER_LDFLAGS = (
					"$(inherited)",
					"-framework",
					CoreDisplay,
					"-framework",
					DisplayServices,
				);
				SWIFT_OBJC_BRIDGING_HEADER = "Light Stats/Services/DisplayControl/DisplayPrivateAPI.h";
				ASSETCATALOG_COMPILER_APPICON_NAME = AppIcon;
				ASSETCATALOG_COMPILER_GLOBAL_ACCENT_COLOR_NAME = AccentColor;
				ASSETCATALOG_COMPILER_INCLUDE_ALL_APPICON_ASSETS = YES;
				CODE_SIGN_ENTITLEMENTS = "Light Stats/LightStats.entitlements";
				"CODE_SIGN_IDENTITY[sdk=macosx*]" = "Apple Development";
				CODE_SIGN_STYLE = Automatic;
				CURRENT_PROJECT_VERSION = 2;
				DEVELOPMENT_TEAM = QZZ878S3NS;
				ENABLE_APP_SANDBOX = NO;
				ENABLE_HARDENED_RUNTIME = YES;
				ENABLE_INCOMING_NETWORK_CONNECTIONS = NO;
				ENABLE_OUTGOING_NETWORK_CONNECTIONS = NO;
				ENABLE_PREVIEWS = YES;
				ENABLE_RESOURCE_ACCESS_AUDIO_INPUT = NO;
				ENABLE_RESOURCE_ACCESS_BLUETOOTH = NO;
				ENABLE_RESOURCE_ACCESS_CALENDARS = NO;
				ENABLE_RESOURCE_ACCESS_CAMERA = NO;
				ENABLE_RESOURCE_ACCESS_CONTACTS = NO;
				ENABLE_RESOURCE_ACCESS_LOCATION = NO;
				ENABLE_RESOURCE_ACCESS_PRINTING = NO;
				ENABLE_RESOURCE_ACCESS_USB = NO;
				ENABLE_USER_SELECTED_FILES = readonly;
				GENERATE_INFOPLIST_FILE = YES;
				INFOPLIST_FILE = "Light Stats/Info.plist";
				INFOPLIST_KEY_CFBundleDisplayName = "Light Stats";
				INFOPLIST_KEY_LSApplicationCategoryType = "public.app-category.productivity";
				INFOPLIST_KEY_LSUIElement = YES;
				"INFOPLIST_KEY_UIApplicationSceneManifest_Generation[sdk=iphoneos*]" = YES;
				"INFOPLIST_KEY_UIApplicationSceneManifest_Generation[sdk=iphonesimulator*]" = YES;
				"INFOPLIST_KEY_UIApplicationSupportsIndirectInputEvents[sdk=iphoneos*]" = YES;
				"INFOPLIST_KEY_UIApplicationSupportsIndirectInputEvents[sdk=iphonesimulator*]" = YES;
				"INFOPLIST_KEY_UILaunchScreen_Generation[sdk=iphoneos*]" = YES;
				"INFOPLIST_KEY_UILaunchScreen_Generation[sdk=iphonesimulator*]" = YES;
				"INFOPLIST_KEY_UIStatusBarStyle[sdk=iphoneos*]" = UIStatusBarStyleDefault;
				"INFOPLIST_KEY_UIStatusBarStyle[sdk=iphonesimulator*]" = UIStatusBarStyleDefault;
				INFOPLIST_KEY_UISupportedInterfaceOrientations_iPad = "UIInterfaceOrientationPortrait UIInterfaceOrientationPortraitUpsideDown UIInterfaceOrientationLandscapeLeft UIInterfaceOrientationLandscapeRight";
				INFOPLIST_KEY_UISupportedInterfaceOrientations_iPhone = "UIInterfaceOrientationPortrait UIInterfaceOrientationLandscapeLeft UIInterfaceOrientationLandscapeRight";
				IPHONEOS_DEPLOYMENT_TARGET = 26.2;
				LD_RUNPATH_SEARCH_PATHS = "@executable_path/Frameworks";
				"LD_RUNPATH_SEARCH_PATHS[sdk=macosx*]" = "@executable_path/../Frameworks";
				MACOSX_DEPLOYMENT_TARGET = 14.6;
				MARKETING_VERSION = 1.0.2;
				PRODUCT_BUNDLE_IDENTIFIER = "cain.com.light-stats";
				PRODUCT_NAME = "$(TARGET_NAME)";
				REGISTER_APP_GROUPS = YES;
				SDKROOT = auto;
				STRING_CATALOG_GENERATE_SYMBOLS = YES;
				SUPPORTED_PLATFORMS = macosx;
				SUPPORTS_MACCATALYST = NO;
				SWIFT_APPROACHABLE_CONCURRENCY = YES;
				SWIFT_DEFAULT_ACTOR_ISOLATION = MainActor;
				SWIFT_EMIT_LOC_STRINGS = YES;
				SWIFT_UPCOMING_FEATURE_MEMBER_IMPORT_VISIBILITY = YES;
				SWIFT_VERSION = 5.0;
				XROS_DEPLOYMENT_TARGET = 26.2;
			};
			name = Debug;
		};
		A4163D582EFBC3DC0013ED8C /* Release */ = {
			isa = XCBuildConfiguration;
			buildSettings = {
				FRAMEWORK_SEARCH_PATHS = (
					"$(inherited)",
					/System/Library/PrivateFrameworks,
				);
				OTHER_LDFLAGS = (
					"$(inherited)",
					"-framework",
					CoreDisplay,
					"-framework",
					DisplayServices,
				);
				SWIFT_OBJC_BRIDGING_HEADER = "Light Stats/Services/DisplayControl/DisplayPrivateAPI.h";
				ASSETCATALOG_COMPILER_APPICON_NAME = AppIcon;
				ASSETCATALOG_COMPILER_GLOBAL_ACCENT_COLOR_NAME = AccentColor;
				ASSETCATALOG_COMPILER_INCLUDE_ALL_APPICON_ASSETS = YES;
				CODE_SIGN_ENTITLEMENTS = "Light Stats/LightStats.entitlements";
				"CODE_SIGN_IDENTITY[sdk=macosx*]" = "Apple Development";
				CODE_SIGN_STYLE = Automatic;
				CURRENT_PROJECT_VERSION = 2;
				DEVELOPMENT_TEAM = QZZ878S3NS;
				ENABLE_APP_SANDBOX = NO;
				ENABLE_HARDENED_RUNTIME = YES;
				ENABLE_INCOMING_NETWORK_CONNECTIONS = NO;
				ENABLE_OUTGOING_NETWORK_CONNECTIONS = NO;
				ENABLE_PREVIEWS = YES;
				ENABLE_RESOURCE_ACCESS_AUDIO_INPUT = NO;
				ENABLE_RESOURCE_ACCESS_BLUETOOTH = NO;
				ENABLE_RESOURCE_ACCESS_CALENDARS = NO;
				ENABLE_RESOURCE_ACCESS_CAMERA = NO;
				ENABLE_RESOURCE_ACCESS_CONTACTS = NO;
				ENABLE_RESOURCE_ACCESS_LOCATION = NO;
				ENABLE_RESOURCE_ACCESS_PRINTING = NO;
				ENABLE_RESOURCE_ACCESS_USB = NO;
				ENABLE_USER_SELECTED_FILES = readonly;
				GENERATE_INFOPLIST_FILE = YES;
				INFOPLIST_FILE = "Light Stats/Info.plist";
				INFOPLIST_KEY_CFBundleDisplayName = "Light Stats";
				INFOPLIST_KEY_LSApplicationCategoryType = "public.app-category.productivity";
				INFOPLIST_KEY_LSUIElement = YES;
				"INFOPLIST_KEY_UIApplicationSceneManifest_Generation[sdk=iphoneos*]" = YES;
				"INFOPLIST_KEY_UIApplicationSceneManifest_Generation[sdk=iphonesimulator*]" = YES;
				"INFOPLIST_KEY_UIApplicationSupportsIndirectInputEvents[sdk=iphoneos*]" = YES;
				"INFOPLIST_KEY_UIApplicationSupportsIndirectInputEvents[sdk=iphonesimulator*]" = YES;
				"INFOPLIST_KEY_UILaunchScreen_Generation[sdk=iphoneos*]" = YES;
				"INFOPLIST_KEY_UILaunchScreen_Generation[sdk=iphonesimulator*]" = YES;
				"INFOPLIST_KEY_UIStatusBarStyle[sdk=iphoneos*]" = UIStatusBarStyleDefault;
				"INFOPLIST_KEY_UIStatusBarStyle[sdk=iphonesimulator*]" = UIStatusBarStyleDefault;
				INFOPLIST_KEY_UISupportedInterfaceOrientations_iPad = "UIInterfaceOrientationPortrait UIInterfaceOrientationPortraitUpsideDown UIInterfaceOrientationLandscapeLeft UIInterfaceOrientationLandscapeRight";
				INFOPLIST_KEY_UISupportedInterfaceOrientations_iPhone = "UIInterfaceOrientationPortrait UIInterfaceOrientationLandscapeLeft UIInterfaceOrientationLandscapeRight";
				IPHONEOS_DEPLOYMENT_TARGET = 26.2;
				LD_RUNPATH_SEARCH_PATHS = "@executable_path/Frameworks";
				"LD_RUNPATH_SEARCH_PATHS[sdk=macosx*]" = "@executable_path/../Frameworks";
				MACOSX_DEPLOYMENT_TARGET = 14.6;
				MARKETING_VERSION = 1.0.2;
				PRODUCT_BUNDLE_IDENTIFIER = "cain.com.light-stats";
				PRODUCT_NAME = "$(TARGET_NAME)";
				REGISTER_APP_GROUPS = YES;
				SDKROOT = auto;
				STRING_CATALOG_GENERATE_SYMBOLS = YES;
				SUPPORTED_PLATFORMS = macosx;
				SUPPORTS_MACCATALYST = NO;
				SWIFT_APPROACHABLE_CONCURRENCY = YES;
				SWIFT_DEFAULT_ACTOR_ISOLATION = MainActor;
				SWIFT_EMIT_LOC_STRINGS = YES;
				SWIFT_UPCOMING_FEATURE_MEMBER_IMPORT_VISIBILITY = YES;
				SWIFT_VERSION = 5.0;
				XROS_DEPLOYMENT_TARGET = 26.2;
			};
			name = Release;
		};
		AB20378ED70135E50788AA08 /* Debug */ = {
			isa = XCBuildConfiguration;
			buildSettings = {
				CODE_SIGN_ENTITLEMENTS = FinderMenuExtension/FinderMenuExtension.entitlements;
				CODE_SIGN_INJECT_BASE_ENTITLEMENTS = YES;
				CODE_SIGN_STYLE = Automatic;
				CURRENT_PROJECT_VERSION = 2;
				DEVELOPMENT_TEAM = QZZ878S3NS;
				GENERATE_INFOPLIST_FILE = NO;
				INFOPLIST_FILE = FinderMenuExtension/Info.plist;
				LD_RUNPATH_SEARCH_PATHS = (
					"$(inherited)",
					"@executable_path/../../../../Frameworks",
				);
				MACOSX_DEPLOYMENT_TARGET = 14.6;
				MARKETING_VERSION = 1.0.2;
				PRODUCT_BUNDLE_IDENTIFIER = "cain.com.light-stats.FinderMenuExtension";
				PRODUCT_NAME = "$(TARGET_NAME)";
				SDKROOT = macosx;
				SKIP_INSTALL = YES;
				STRING_CATALOG_GENERATE_SYMBOLS = NO;
				SUPPORTED_PLATFORMS = macosx;
				SUPPORTS_MACCATALYST = NO;
				SWIFT_EMIT_LOC_STRINGS = NO;
				SWIFT_OPTIMIZATION_LEVEL = "-Onone";
				SWIFT_VERSION = 5.0;
			};
			name = Debug;
		};
		5AB5B666F28244A5810733D0 /* Debug */ = {
			isa = XCBuildConfiguration;
			buildSettings = {
				CODE_SIGN_ENTITLEMENTS = BatteryControlHelper/BatteryControlHelper.entitlements;
				"CODE_SIGN_IDENTITY[sdk=macosx*]" = "Apple Development";
				CODE_SIGN_INJECT_BASE_ENTITLEMENTS = YES;
				CODE_SIGN_STYLE = Automatic;
				CREATE_INFOPLIST_SECTION_IN_BINARY = YES;
				CURRENT_PROJECT_VERSION = 2;
				DEVELOPMENT_TEAM = QZZ878S3NS;
				ENABLE_HARDENED_RUNTIME = YES;
				GENERATE_INFOPLIST_FILE = NO;
				INFOPLIST_FILE = BatteryControlHelper/Info.plist;
				MACOSX_DEPLOYMENT_TARGET = 14.6;
				MARKETING_VERSION = 1.0.2;
				PRODUCT_BUNDLE_IDENTIFIER = "cain.com.light-stats.battery-helper";
				PRODUCT_NAME = LightStatsBatteryHelper;
				SDKROOT = macosx;
				SKIP_INSTALL = YES;
				SUPPORTED_PLATFORMS = macosx;
				SWIFT_EMIT_LOC_STRINGS = NO;
				SWIFT_OPTIMIZATION_LEVEL = "-Onone";
				SWIFT_VERSION = 5.0;
			};
			name = Debug;
		};
		B7069544EDBE46B68C5C5FA4 /* Release */ = {
			isa = XCBuildConfiguration;
			buildSettings = {
				CODE_SIGN_ENTITLEMENTS = BatteryControlHelper/BatteryControlHelper.entitlements;
				"CODE_SIGN_IDENTITY[sdk=macosx*]" = "Apple Development";
				CODE_SIGN_INJECT_BASE_ENTITLEMENTS = NO;
				CODE_SIGN_STYLE = Automatic;
				CREATE_INFOPLIST_SECTION_IN_BINARY = YES;
				CURRENT_PROJECT_VERSION = 2;
				DEVELOPMENT_TEAM = QZZ878S3NS;
				ENABLE_HARDENED_RUNTIME = YES;
				GENERATE_INFOPLIST_FILE = NO;
				INFOPLIST_FILE = BatteryControlHelper/Info.plist;
				MACOSX_DEPLOYMENT_TARGET = 14.6;
				MARKETING_VERSION = 1.0.2;
				PRODUCT_BUNDLE_IDENTIFIER = "cain.com.light-stats.battery-helper";
				PRODUCT_NAME = LightStatsBatteryHelper;
				SDKROOT = macosx;
				SKIP_INSTALL = YES;
				SUPPORTED_PLATFORMS = macosx;
				SWIFT_COMPILATION_MODE = wholemodule;
				SWIFT_EMIT_LOC_STRINGS = NO;
				SWIFT_VERSION = 5.0;
			};
			name = Release;
		};
/* End XCBuildConfiguration section */

/* Begin XCConfigurationList section */
		27D40924EAEBE9AC8CB8E011 /* Build configuration list for PBXNativeTarget "FinderMenuExtension" */ = {
			isa = XCConfigurationList;
			buildConfigurations = (
				27C0BFF43610AFB60B4565C6 /* Release */,
				48FB5A129531D001F3D4B192 /* Debug */,
			);
			defaultConfigurationIsVisible = 0;
			defaultConfigurationName = Release;
		};
		A4163D442EFBC3DB0013ED8C /* Build configuration list for PBXProject "Light Stats" */ = {
			isa = XCConfigurationList;
			buildConfigurations = (
				A4163D542EFBC3DC0013ED8C /* Debug */,
				A4163D552EFBC3DC0013ED8C /* Release */,
			);
			defaultConfigurationIsVisible = 0;
			defaultConfigurationName = Release;
		};
		A4163D562EFBC3DC0013ED8C /* Build configuration list for PBXNativeTarget "Light Stats" */ = {
			isa = XCConfigurationList;
			buildConfigurations = (
				A4163D572EFBC3DC0013ED8C /* Debug */,
				A4163D582EFBC3DC0013ED8C /* Release */,
			);
			defaultConfigurationIsVisible = 0;
			defaultConfigurationName = Release;
		};
		B9E2EAB100164636AFD4B3B0 /* Build configuration list for PBXNativeTarget "LightStatsBatteryHelper" */ = {
			isa = XCConfigurationList;
			buildConfigurations = (
				5AB5B666F28244A5810733D0 /* Debug */,
				B7069544EDBE46B68C5C5FA4 /* Release */,
			);
			defaultConfigurationIsVisible = 0;
			defaultConfigurationName = Release;
		};
		E980368FEF4F8D93349110B7 /* Build configuration list for PBXNativeTarget "LightStatsTests" */ = {
			isa = XCConfigurationList;
			buildConfigurations = (
				27B86FB89AFD7271A602A7AD /* Release */,
				48499D521F5C0518AC36073E /* Debug */,
			);
			defaultConfigurationIsVisible = 0;
			defaultConfigurationName = Release;
		};
/* End XCConfigurationList section */
	};
	rootObject = A4163D412EFBC3DB0013ED8C /* Project object */;
}
